{
    "_meta": {
        "hash": {
            "sha256": "1976fde18eb0fed5a55dbfe5b4245773cf366298e7d0cdb4ff1656a108954743"
        },
        "pipfile-spec": 6,
        "requires": {},
        "sources": [
            {
                "name": "pypi",
                "url": "https://pypi.python.org/simple",
                "verify_ssl": true
            }
        ]
    },
    "default": {
        "absl-py": {
            "hashes": [
                "sha256:e0eb8358b549552b1cc5972350bc3e41dd0a926c15b3ff95ce60f3c78c80824c"
            ],
            "version": "==0.2.2"
        },
        "astor": {
            "hashes": [
                "sha256:64c805f1ad6fbc505633416b6174fc23796eb164f371a7dc1f3951ea30560fb5",
                "sha256:ff6d2e2962d834acb125cc4dcc80c54a8c17c253f4cc9d9c43b5102a560bb75d"
            ],
            "version": "==0.6.2"
        },
        "bleach": {
            "hashes": [
                "sha256:978e758599b54cd3caa2e160d74102879b230ea8dc93871d0783721eef58bc65",
                "sha256:e67f46adcec78dbc3c04462f3aba3213a673d5652eba2609ed1ef15492a44b8d"
            ],
            "version": "==1.5.0"
        },
        "click": {
            "hashes": [
                "sha256:29f99fc6125fbc931b758dc053b3114e55c77a6e4c6c3a2674a2dc986016381d",
                "sha256:f15516df478d5a56180fbf80e68f206010e6d160fc39fa508b65e035fd75130b"
            ],
            "version": "==6.7"
        },
        "flask": {
            "hashes": [
                "sha256:2271c0070dbcb5275fad4a82e29f23ab92682dc45f9dfbc22c02ba9b9322ce48",
                "sha256:a080b744b7e345ccfcbc77954861cb05b3c63786e93f2b3875e0913d44b43f05"
            ],
            "index": "pypi",
            "version": "==1.0.2"
        },
        "gast": {
            "hashes": [
                "sha256:7068908321ecd2774f145193c4b34a11305bd104b4551b09273dfd1d6a374930"
            ],
            "version": "==0.2.0"
        },
        "gevent": {
            "hashes": [
                "sha256:03fe0f67ff90bbece0b1b606cc55eabc3b8db3d3461cd01266fcabc574c6a4dc",
                "sha256:09773f14be61e784adbffdd892e564fdf879dbc486a906b2cc5053992152ec3c",
                "sha256:15fc5c51a78b50330003741f5c54a77290e8929e3975ba6c3db68eb07fc2f563",
                "sha256:189fa61ef3951cf56292e1830c124850e3bb1ac43b071115645bd35b1a5dc211",
                "sha256:22edd02365fc8ff3cd69d76074ccddb458775c6d4b312f989715cd18576f2cf3",
                "sha256:256aa2a24625a4442450760fe20ff69bb5b1cf76166860878f1d947df1bab5f1",
                "sha256:382b8646f5969d411a80acab4f7d7711a8d88e57b6ff5f798e25dcb0ab596f5e",
                "sha256:4229ba23b3d401720a56b950fd075afecbc2303109cf68158a98e76a674964f4",
                "sha256:4307d0c3de114501c975151d0c77a76ad8e08e364b378a10d8aa089bac805f6b",
                "sha256:475373fefd8d6855b834a86ed57498c4f859591b62c59f990ab50021c7795c25",
                "sha256:48705fdfa6a7feb242c9c8aeb188e26cb7c037cba5099b91ad979f844131a3a2",
                "sha256:588cad33325a6d19cfeef694b91734d329e4c82712266549805dc3adeedfa55c",
                "sha256:5eeec334778cbad059b54fc468b0690db6794fe12a1dada7b70924d1c9ffbeac",
                "sha256:6f1a5288397308a7459abadd67650fc659ab269e38c67dceefb28971284ad9e6",
                "sha256:81247b662aa497f766c3ba09f8164220fa4fbb1e9e589b581eaa57a0a1d566d0",
                "sha256:8b5fb3ec430edb6850b87f0f94bd67c8292b639f273bd449ac10ed86abb2d9bd",
                "sha256:a853c64e05dafdf9ff241c7bf62d711b16031a19fd5849d1e7474c6a0b7dbf6f",
                "sha256:c4fcd4aaee73f5ea2c13bac4304165fd9fd11e7dfde2ef4e8435fd30931aab69",
                "sha256:d3c7c49db608c86cd6d09ea6d581ce14a236d55169cc2d6bab94f14b5fe2f1c3",
                "sha256:d575a049468a90bd7a14944301e327ae8473746f6898e65ee186a79d5c77a621",
                "sha256:d87a66f5ab6784096d66ba1eeaa9758cb1c243114c78915fb64ede73d7cd5ab4"
            ],
            "index": "pypi",
            "version": "==1.3.2.post0"
        },
        "greenlet": {
            "hashes": [
                "sha256:09ef2636ea35782364c830f07127d6c7a70542b178268714a9a9ba16318e7e8b",
                "sha256:0fef83d43bf87a5196c91e73cb9772f945a4caaff91242766c5916d1dd1381e4",
                "sha256:1b7df09c6598f5cfb40f843ade14ed1eb40596e75cd79b6fa2efc750ba01bb01",
                "sha256:1fff21a2da5f9e03ddc5bd99131a6b8edf3d7f9d6bc29ba21784323d17806ed7",
                "sha256:42118bf608e0288e35304b449a2d87e2ba77d1e373e8aa221ccdea073de026fa",
                "sha256:50643fd6d54fd919f9a0a577c5f7b71f5d21f0959ab48767bd4bb73ae0839500",
                "sha256:58798b5d30054bb4f6cf0f712f08e6092df23a718b69000786634a265e8911a9",
                "sha256:5b49b3049697aeae17ef7bf21267e69972d9e04917658b4e788986ea5cc518e8",
                "sha256:75c413551a436b462d5929255b6dc9c0c3c2b25cbeaee5271a56c7fda8ca49c0",
                "sha256:769b740aeebd584cd59232be84fdcaf6270b8adc356596cdea5b2152c82caaac",
                "sha256:ad2383d39f13534f3ca5c48fe1fc0975676846dc39c2cece78c0f1f9891418e0",
                "sha256:b417bb7ff680d43e7bd7a13e2e08956fa6acb11fd432f74c97b7664f8bdb6ec1",
                "sha256:b6ef0cabaf5a6ecb5ac122e689d25ba12433a90c7b067b12e5f28bdb7fb78254",
                "sha256:c2de19c88bdb0366c976cc125dca1002ec1b346989d59524178adfd395e62421",
                "sha256:c7b04a6dc74087b1598de8d713198de4718fa30ec6cbb84959b26426c198e041",
                "sha256:f8f2a0ae8de0b49c7b5b2daca4f150fdd9c1173e854df2cce3b04123244f9f45",
                "sha256:fcfadaf4bf68a27e5dc2f42cbb2f4b4ceea9f05d1d0b8f7787e640bed2801634"
            ],
            "markers": "platform_python_implementation == 'cpython'",
            "version": "==0.4.13"
        },
        "grpcio": {
            "hashes": [
                "sha256:0feade5de967be3c9ee041662d1347fc537ad05ccbcf05bcf1efa05072bef926",
                "sha256:1ae02a9787cf2c5f25add0806f6271283b6074ab8619077d2b5c9037950c890b",
                "sha256:2d7215dca11ba4aa49cc6c05b37e4b0a0f99727c8604e8ccd5ef1f6e06332200",
                "sha256:35a4f6ffae88ce6a461e503ae91b62dc5c96013cafc717f2d7139686b5c39969",
                "sha256:3be7635b4308e06449b2275a5e96a030bbf82ba6797ae8947f14667491924d81",
                "sha256:3d1b3e7042a41b167334f718842f13deb80287886c9160efe31252602b13a128",
                "sha256:468d4ce007cb859d5f9440cf4a7461cc172fd07d690300f4db88afaa78f01003",
                "sha256:59a2fb52d286a38b9cbc7434eb473026fde0b20c223a10a99f5c3d4e395c2c2b",
                "sha256:59c7670c902acce952ba709d9126cda87a45d7fed6bd568868e74171e4acd7f7",
                "sha256:5b03fd3941c5e1a5deb01026bae025d319b38d3facb3e5fc491bca73e908d69e",
                "sha256:65842e698776f4e49f62346c0f80fc31b34907e0df4247650c643113ef167122",
                "sha256:68dbe71f890475e2824afbc5dc72714d1fca668bc15df0954bda4a8a5a53d0c7",
                "sha256:868973b64b7e2464e5297cc660da588c542c175e85f6d2f7490d86c0dd5dbb4c",
                "sha256:86f0c2062fde76789f7cdbf67d4ede116e7e1ceaf4c327fff7b9d17eb5852403",
                "sha256:9444863aaba55b662719e22680f11134182604619f241cc607020e5b3786f4cd",
                "sha256:9ac704e25d271af62c1ea72f1cb42ec7938f26f00314a8f324999ac5e1bf55eb",
                "sha256:a02ef0354fb455a9ce2ad869a40f28f20a64147d46557c59b7269a15832c36d2",
                "sha256:aabcdc960633231f9575252c061b480fc56a1ff6dcc7999fa5d4968f574d894f",
                "sha256:b47a19a3be2f9608b4296bd16374c9a922d3206cf0a917792801a5cef5a2fa23",
                "sha256:bf7bfe162057e6f1e3f4613b2a5f1157c8e286bddeaa40f7b8ce5054cb4b1413",
                "sha256:c3cf3f431b41c39aa1501458d0e46086e699836536af873fe028dda1dfc6bcbd",
                "sha256:cc7bd47eca988831d58a618908c825204d6ee8e90cdb9854a09b52a3b76ac168",
                "sha256:cde83440fb4691d1bd8620ea919a9bd3199e6725e72d2c0d94898a2774c255ee",
                "sha256:e1a03666852b956f7949c2a7f187dd54406cae2874c2ce26c1a0dafddf812cb2",
                "sha256:e322eb5dc533cfbf21a9e964ebab80da391a26234a82288bfce505058913dfac",
                "sha256:f0169d98670ef1db52e4f6930fd470c34731948350cabbe93087a8462b1f1da4",
                "sha256:f14faadfd09aa8526536cd2149e274563f45b767fca1736ccc53803a6af3f90e"
            ],
            "version": "==1.12.1"
        },
        "gunicorn": {
            "hashes": [
                "sha256:7ef2b828b335ed58e3b64ffa84caceb0a7dd7c5ca12f217241350dec36a1d5dc",
                "sha256:bc59005979efb6d2dd7d5ba72d99f8a8422862ad17ff3a16e900684630dd2a10"
            ],
            "index": "pypi",
            "version": "==19.8.1"
        },
        "h5py": {
            "hashes": [
                "sha256:0f8cd2acbacf3177b4427ed42639c911667b1f24d923388ab1f8ad466a12be5e",
                "sha256:11277e3879098f921ee9e29105b20591e1dfdd44963357399f2abaa1a280c560",
                "sha256:1241dec0c94ac32f3285cac1d6f44beabf80423e422ab03bd2686d731a8a9294",
                "sha256:17b8187de0b3a945d8e8d031e7eb6ece2fce90791f9c5fde36f4396bf38fdde1",
                "sha256:308e0758587ee16d4e73e7f2f8aae8351091e343bf0a43d2f697f9535465c816",
                "sha256:37cacddf0e8209905f52537a8cf71da0dd9a4de62bd79247274c97b24a408997",
                "sha256:38a23bb599748adf23d77f74885c0de6f4a7d9baa42f74e476bbf90fba2b47dd",
                "sha256:47ab18b7b7bbc36fd2b606289b703b6f0ee915b923d6ad94dd17ac80ebffc280",
                "sha256:486c78330af0bf33f5077b51d1888c0739c3cd1a03d5aade0d48572b3b5690ca",
                "sha256:4e2183458d6ef1ae87dfb5d6acd0786359336cd9ac0ece6396c09b59fdaa3bd6",
                "sha256:51d0595c3e58814c831f6cd2b664a5bf9590e26262c1d541b380d041e4fcb3c0",
                "sha256:56d259d56822b70881760b243957f04a0cf133f0ec65eae6a33f562826aee899",
                "sha256:5e6e777653169a3cc24ea56bb3d8c845ea391f8914c35bb6f350b0753a52891c",
                "sha256:62bfb0ebb0f59e5dccc0b0dbbc0fc40dd1d1e09d04c0dc71f89790231531d4a2",
                "sha256:67d89b64debfa021b54aa6f24bbf008403bd144748a0148596b518bce80d2fc4",
                "sha256:9214ca445c18a37bfe9c165982c0e317e2f21f035c8d635d1c6d9fcbaf35b7a8",
                "sha256:ab0c52850428d2e86029935389379c2c97f752e76b616da851deec8a4484f8ec",
                "sha256:b2eff336697d8dfd712c5d93fef9f4e4d3e97d9d8c258801836b8664a239e07a",
                "sha256:bb33fabc0b8f3fe3bb0f8d6821b2fad5b2a64c27a0808e8d1c5c1e3362062064",
                "sha256:bd5353ab342bae1262b04745934cc1565df4cbc8d6a979a0c98f42209bd5c265",
                "sha256:c45650de228ace7731e4280e14fb687f6d5c29cd666c5b22b42492b035e994d6",
                "sha256:d5c0c01da45f901a3d429e7ef9e7e22baa869e1affb8715f1bf94e6a30020740",
                "sha256:d75035db5bde802a29f4f29f18bb7548863d29ac90ccbf2c04c11799bbbba2c3",
                "sha256:dda88206dc9464923f27f601000bc5b152ac0bd6d0122f098d4f239150a70076",
                "sha256:e1c2ac5d0aa232c0f60fecc6bd1122346885086a176f939b91058c4c980cc226",
                "sha256:e626c65a8587921ebc7fb8d31a49addfdd0b9a9aa96315ea484c09803337b955"
            ],
            "index": "pypi",
            "version": "==2.8.0"
        },
        "html5lib": {
            "hashes": [
                "sha256:2612a191a8d5842bfa057e41ba50bbb9dcb722419d2408c78cff4758d0754868"
            ],
            "version": "==0.9999999"
        },
        "itsdangerous": {
            "hashes": [
                "sha256:cbb3fcf8d3e33df861709ecaf89d9e6629cff0a217bc2848f1b41cd30d360519"
            ],
            "index": "pypi",
            "version": "==0.24"
        },
        "jinja2": {
            "hashes": [
                "sha256:74c935a1b8bb9a3947c50a54766a969d4846290e1e788ea44c1392163723c3bd",
                "sha256:f84be1bb0040caca4cea721fcbbbbd61f9be9464ca236387158b0feea01914a4"
            ],
            "index": "pypi",
            "version": "==2.10"
        },
        "keras": {
            "hashes": [
                "sha256:5b8499d157af217f1a5ee33589e774127ebc3e266c833c22cb5afbb0ed1734bf",
                "sha256:fa71a1f576dbd643532b872b8952afb65cc3ff7ed20d172e6b49657b710b43d0"
            ],
            "index": "pypi",
            "version": "==2.2.0"
        },
        "keras-applications": {
            "hashes": [
                "sha256:7dceb9820b39c01459ea5e8922add86eb99a9e14354c33dc9981d5f5077fa0ac",
                "sha256:9924be748e5d180806d133c714d22895b997ed722757491dd99538851145d3bf"
            ],
            "version": "==1.0.2"
        },
        "keras-preprocessing": {
            "hashes": [
                "sha256:5283236f0b22a57b30bda766fc819b2ed2483c52f3e1f8b39fcc528f51f772e7",
                "sha256:8649ba6377ecc06ea10e0a8a954df5600d115b4b626861e33c79b41ec03c5194"
            ],
            "version": "==1.0.1"
        },
        "markdown": {
            "hashes": [
                "sha256:9ba587db9daee7ec761cfc656272be6aabe2ed300fece21208e4aab2e457bc8f",
                "sha256:a856869c7ff079ad84a3e19cd87a64998350c2b94e9e08e44270faef33400f81"
            ],
            "version": "==2.6.11"
        },
        "markupsafe": {
            "hashes": [
                "sha256:a6be69091dac236ea9c6bc7d012beab42010fa914c459791d627dad4910eb665"
            ],
            "version": "==1.0"
        },
        "numpy": {
            "hashes": [
                "sha256:0d6d7bbcb54babaf39fe658bcc6f79641c9c62813c6d477802d783c7ba1a437c",
                "sha256:1dc831683f18c11e6b5b7ad3610b9f00417b8d3fc63a8adcdbe68844d9dd6f62",
                "sha256:2185a0f31ecaa0792264fa968c8e0ba6d96acf144b26e2e1d1cd5b77fc11a691",
                "sha256:3ed68b8ef0635e12b06c216d3ed33572d9c15b05a5a5d6ab870d073190c3eef3",
                "sha256:419dfe9bcb09d2e87ecf296c5ebf2b047c568419c89588acc9dbce6d2d761bea",
                "sha256:6105d909e56c4f3f173a7294154eee5da80853104e9c3ebcf9e523fb3bb6cf70",
                "sha256:7fbceea93b6877419d84516705a265dfc4626939a29107a4d04db599bf6cdf8d",
                "sha256:8d87ac65d830ee3087e6bd02b0201e68aed4c715ff2e227e3640e7ded38d8a2e",
                "sha256:939376b3b8d9bd42529a2713534c9bae7f11c774614d4d2f7f2a38cae96101f1",
                "sha256:9e6694912f13afd8b1e15aa8002e9c951a377c94080c5442de154d743a69b3ff",
                "sha256:a1b4a80d59658fc438716095deb1971c6315482b461d976f760d920b6509fd5d",
                "sha256:b037993dfb1175a68b6a2bfc6b1c2af57c09031d1332fea3ab25a539b43bd475",
                "sha256:b2b2741da83b1e016094b2fef2cadec1abd3ccd3d97428634ec6afe1dcb699b8",
                "sha256:be4664fe153ca6dbd961fb06f99b9b88b114ab44649376253b540aafbf42e469",
                "sha256:c0c4bdcb771a147cb14286e3aeb72267e1664652d4150b0df255f0c210166a62",
                "sha256:c5065b3aec37cd1b7ec2882b3ab86e200d15219a0fb96fea65a16c6b59d3c0f0",
                "sha256:d9ceb6c680ffbe55ef6cf9d93558e0ddb72d616b885d77c536920f3da2112703",
                "sha256:e6c24c83ca64d447a18f041bd53cbe96c74405f59939b6006755105583b62629",
                "sha256:eb6ccd2b47d43199ec9a7c39bd45e399ccb5756e7367aaf92ced3c46fa67b16b",
                "sha256:ef7a07f6a77658a1038e6d22e53458129c04a95b5770f080b5741320d9491e32",
                "sha256:f29a9c5607b0fded7a9f0871dbd06918a88cb0a465acfac5c67f92d1a4115d48",
                "sha256:f54114395aabe13c7c4e4b425145cfd998eaf0781e87a9e9b2e77426f1ec8a82",
                "sha256:f6a4ae8d5e1126bf4d8520a9aa6a82d067ab3ce7d21f58f0d50ead2aebda7bfb"
            ],
            "version": "==1.14.4"
        },
        "opencv-contrib-python": {
            "hashes": [
                "sha256:054bb5ae53e6454b418696484b85e4a9592fcb8e740f5746fee7d5c94f4e3716",
                "sha256:05992a5135568246972b3dae67603494a60dd26cfa87faa854c3f4b62eb6273b",
                "sha256:13106c845961e13f3d53c261c41242ed694b5fb0f248f772c458656d62521035",
                "sha256:137634928089b3307270bde1ec4925ca0cfd0c0d5737beb485ac6ee4ec45449f",
                "sha256:26448a406400debfa2b19a6b51128c3bd0216e34a6aa94e282cbfd80e3f4bd43",
                "sha256:26f2d25b53e1ba61f40237cf616bf428df81eae0fbedad254e63c0fec5f0dd46",
                "sha256:33e013c8bf48be5dd0bdef24e17a3cf8bcab98cbf268945b1504d3cb68b600c9",
                "sha256:3fe0e2a308aa9753f3901d353b46bb1f0f9673538941b6876c4b03a6413ba2dd",
                "sha256:486267cd8ecf5d6a60023037a6bcc8566425c69cd78567c63a56e33fb413870e",
                "sha256:563056be9cc634114939325605e5717b62701551d35ded9f4b0f0ec86efce8c7",
                "sha256:5b1ce0431203c43004812ca13a73996a42208a995c9d1dd9a5db13f85b5f11f3",
                "sha256:72c3998b618547bd293ef005d678282c62ec299062d4d9833d74b54d081bad8f",
                "sha256:7e87630c145f09fde406402b65b53dabb068fbb3fa9d9e50124941be50e1c0d5",
                "sha256:8674316f91dd2d7858e54bd2f275c0aab62de654db6b6a38407f6baa5b0fd3fd",
                "sha256:97ab81537ad8476afcc08553727e9d978778e8f45630486daed7d3f2eaece0f8",
                "sha256:a2ab772dd70aac54f9eed393df8581889940d4e33a3e18e33c1194ff5630bb58",
                "sha256:aa7155412de7733664f60627ffcc3f74cf6e2558615c5a32ebff60756c2bd5e6",
                "sha256:ac3eae3e10513548699d1c805a1cd03f92cb655ae33653af6c4809c9397f81f1",
                "sha256:bab52c36f477f46d11a807b11ca6133e7a8e797a7aba9d634a2c01c7a416d7a2",
                "sha256:cccb3a346fda03d6230b1f55ff251e9b17d9a3c90a337c5774089e37b9c418df",
                "sha256:eaf6b78214c9a2b3bb02384de60174aab3eba0f1cebca99787f9344e796e4f7e",
                "sha256:ee7e2135523aa8ce4e65453762aa6e6f9f13cebe5b0697d3c54e25798cb96e5f"
            ],
            "index": "pypi",
            "version": "==3.3.0.9"
        },
        "pillow": {
            "hashes": [
                "sha256:00633bc2ec40313f4daf351855e506d296ec3c553f21b66720d0f1225ca84c6f",
                "sha256:03514478db61b034fc5d38b9bf060f994e5916776e93f02e59732a8270069c61",
                "sha256:040144ba422216aecf7577484865ade90e1a475f867301c48bf9fbd7579efd76",
                "sha256:16246261ff22368e5e32ad74d5ef40403ab6895171a7fc6d34f6c17cfc0f1943",
                "sha256:1cb38df69362af35c14d4a50123b63c7ff18ec9a6d4d5da629a6f19d05e16ba8",
                "sha256:2400e122f7b21d9801798207e424cbe1f716cee7314cd0c8963fdb6fc564b5fb",
                "sha256:2ee6364b270b56a49e8b8a51488e847ab130adc1220c171bed6818c0d4742455",
                "sha256:3b4560c3891b05022c464b09121bd507c477505a4e19d703e1027a3a7c68d896",
                "sha256:41374a6afb3f44794410dab54a0d7175e6209a5a02d407119c81083f1a4c1841",
                "sha256:438a3faf5f702c8d0f80b9f9f9b8382cfa048ca6a0d64ef71b86b563b0ee0359",
                "sha256:472a124c640bde4d5468f6991c9fa7e30b723d84ac4195a77c6ab6aea30f2b9c",
                "sha256:4d32c8e3623a61d6e29ccd024066cd1ba556555abfb4cd714155020e00107e3f",
                "sha256:4d8077fd649ac40a5c4165f2c22fa2a4ad18c668e271ecb2f9d849d1017a9313",
                "sha256:62ec7ae98357fcd46002c110bb7cad15fce532776f0cbe7ca1d44c49b837d49d",
                "sha256:6c7cab6a05351cf61e469937c49dbf3cdf5ffb3eeac71f8d22dc9be3507598d8",
                "sha256:6eca36905444c4b91fe61f1b9933a47a30480738a1dd26501ff67d94fc2bc112",
                "sha256:74e2ebfd19c16c28ad43b8a28ff73b904ed382ea4875188838541751986e8c9a",
                "sha256:7673e7473a13107059377c96c563aa36f73184c29d2926882e0a0210b779a1e7",
                "sha256:81762cf5fca9a82b53b7b2d0e6b420e0f3b06167b97678c81d00470daa622d58",
                "sha256:8554bbeb4218d9cfb1917c69e6f2d2ad0be9b18a775d2162547edf992e1f5f1f",
                "sha256:9b66e968da9c4393f5795285528bc862c7b97b91251f31a08004a3c626d18114",
                "sha256:a00edb2dec0035e98ac3ec768086f0b06dfabb4ad308592ede364ef573692f55",
                "sha256:b48401752496757e95304a46213c3155bc911ac884bed2e9b275ce1c1df3e293",
                "sha256:b6cf18f9e653a8077522bb3aa753a776b117e3e0cc872c25811cfdf1459491c2",
                "sha256:bb8adab1877e9213385cbb1adc297ed8337e01872c42a30cfaa66ff8c422779c",
                "sha256:c8a4b39ba380b57a31a4b5449a9d257b1302d8bc4799767e645dcee25725efe1",
                "sha256:cee9bc75bff455d317b6947081df0824a8f118de2786dc3d74a3503fd631f4ef",
                "sha256:d0dc1313dff48af64517cbbd85e046d6b477fbe5e9d69712801f024dcb08c62b",
                "sha256:d5bf527ed83617edd1855a5c923eeeaf68bcb9ac0ceb28e3f19b575b3a424984",
                "sha256:df5863a21f91de5ecdf7d32a32f406dd9867ebb35d41033b8bd9607a21887599",
                "sha256:e39142332541ed2884c257495504858b22c078a5d781059b07aba4c3a80d7551",
                "sha256:e52e8f675ba0b2b417fa98579e7286a41a8e23871f17f4793772f5aa884fea79",
                "sha256:e6dd55d5d94b9e36929325dd0c9ab85bfde84a5fc35947c334c32af1af668944",
                "sha256:e87cc1acbebf263f308a8494272c2d42016aa33c32bf14d209c81e1f65e11868",
                "sha256:ea0091cd4100519cedfeea2c659f52291f535ac6725e2368bcf59e874f270efa",
                "sha256:eeb247f4f4d962942b3b555530b0c63b77473c7bfe475e51c6b75b7344b49ce3",
                "sha256:f0d4433adce6075efd24fc0285135248b0b50f5a58129c7e552030e04fe45c7f",
                "sha256:f1f3bd92f8e12dc22884935a73c9f94c4d9bd0d34410c456540713d6b7832b8c",
                "sha256:f42a87cbf50e905f49f053c0b1fb86c911c730624022bf44c8857244fc4cdaca",
                "sha256:f5f302db65e2e0ae96e26670818157640d3ca83a3054c290eff3631598dcf819",
                "sha256:f7634d534662bbb08976db801ba27a112aee23e597eeaf09267b4575341e45bf",
                "sha256:fdd374c02e8bb2d6468a85be50ea66e1c4ef9e809974c30d8576728473a6ed03",
                "sha256:fe6931db24716a0845bd8c8915bd096b77c2a7043e6fc59ae9ca364fe816f08b"
            ],
            "index": "pypi",
            "version": "==5.1.0"
        },
        "protobuf": {
            "hashes": [
                "sha256:01ccd6d03449ae75b779fb5bf4ed62177d61afe3c5e6465ccf3f8b2e1a84afbe",
                "sha256:1d92cc30b0b46cced33adde5853d920179eb5ea8eecdee9552502a7f29cc3f21",
                "sha256:242e4c7ae565267a8bc8b92d707177f915607ea4bd73244bec6cbf4a49b96661",
                "sha256:3b60685732bd0cbdc802dfcb6071efbcf5d927ce3127c13c33ea1a8efae3aa76",
                "sha256:3f655e1f99c3e14d56ca900af1b9a4715b691319a295cc38939d7f77eabd5e7c",
                "sha256:560a38e692a69957a70ba0e5839aa67430efd63072bf91b0539dac19055694cd",
                "sha256:5c1c8f6a0a68a874e3beff89255959dd80fad45870e96c88944a1b81a22dd5f5",
                "sha256:628a3bf0794a8b3cabb18db11eb67cc10e0cc6e5525d557ae7b682bb73fa2018",
                "sha256:7222d6616108b33ad6cbeff8117062a73c43cdc8fa8f64f6a322ebeb663e710e",
                "sha256:76ef6ca3c50e4cfd044861586d5f1b352e0fe7f17f883df6c165bad5b4d0e10a",
                "sha256:7c193e6964e752bd056735594826c5b03274ceb8f07349d3ae47d9766250ba96",
                "sha256:869e12bcfb5759e683f53ec1dd6155b7be034065431da289f0cb4510040a0799",
                "sha256:905414e5ea6cdb78d8730f66335755152b46685fcb9fc2f2134024e3ea9e8dcc",
                "sha256:ac0067e3c60737865ed72bb7416e02297d229d960902802d874c0e167128c809",
                "sha256:adf716a89c9cc1891ead79a861c427071ef59172f0e11967b00565a9547b3bd0",
                "sha256:bcfa99f5a82f5eaaf6e5cee5bfdca5a1670f5740aec1d93dae170645ed1a16b0",
                "sha256:cc94079ae6cbcea5ae194464a30f3223f075e06a0446f52bca9ddbeb6e9f412a",
                "sha256:d5d9edfdc5a3a01d06062d677b121081629782edf0e05ca1be14f15bb947eeee",
                "sha256:e269ab7a50bf0fa6fe6a88ea7dcc7a1079ae9450d9ab9b7730ac32916d55508b",
                "sha256:e7fd33a3474cbe18fd5b5620784a0fa21fcae3e402b1806e29c6b450c7f61706"
            ],
            "version": "==3.5.2.post1"
        },
        "pyyaml": {
            "hashes": [
                "sha256:0c507b7f74b3d2dd4d1322ec8a94794927305ab4cebbe89cc47fe5e81541e6e8",
                "sha256:16b20e970597e051997d90dc2cddc713a2876c47e3d92d59ee198700c5427736",
                "sha256:3262c96a1ca437e7e4763e2843746588a965426550f3797a79fca9c6199c431f",
                "sha256:326420cbb492172dec84b0f65c80942de6cedb5233c413dd824483989c000608",
                "sha256:4474f8ea030b5127225b8894d626bb66c01cda098d47a2b0d3429b6700af9fd8",
                "sha256:592766c6303207a20efc445587778322d7f73b161bd994f227adaa341ba212ab",
                "sha256:5ac82e411044fb129bae5cfbeb3ba626acb2af31a8d17d175004b70862a741a7",
                "sha256:5f84523c076ad14ff5e6c037fe1c89a7f73a3e04cf0377cb4d017014976433f3",
                "sha256:827dc04b8fa7d07c44de11fabbc888e627fa8293b695e0f99cb544fdfa1bf0d1",
                "sha256:b4c423ab23291d3945ac61346feeb9a0dc4184999ede5e7c43e1ffb975130ae6",
                "sha256:bc6bced57f826ca7cb5125a10b23fd0f2fff3b7c4701d64c439a300ce665fff8",
                "sha256:c01b880ec30b5a6e6aa67b09a2fe3fb30473008c85cd6a67359a1b15ed6d83a4",
                "sha256:ca233c64c6e40eaa6c66ef97058cdc80e8d0157a443655baa1b2966e812807ca",
                "sha256:e863072cdf4c72eebf179342c94e6989c67185842d9997960b3e69290b2fa269"
            ],
            "version": "==3.12"
        },
        "scipy": {
            "hashes": [
                "sha256:0611ee97296265af4a21164a5323f8c1b4e8e15c582d3dfa7610825900136bb7",
                "sha256:08237eda23fd8e4e54838258b124f1cd141379a5f281b0a234ca99b38918c07a",
                "sha256:0e645dbfc03f279e1946cf07c9c754c2a1859cb4a41c5f70b25f6b3a586b6dbd",
                "sha256:0e9bb7efe5f051ea7212555b290e784b82f21ffd0f655405ac4f87e288b730b3",
                "sha256:108c16640849e5827e7d51023efb3bd79244098c3f21e4897a1007720cb7ce37",
                "sha256:340ef70f5b0f4e2b4b43c8c8061165911bc6b2ad16f8de85d9774545e2c47463",
                "sha256:3ad73dfc6f82e494195144bd3a129c7241e761179b7cb5c07b9a0ede99c686f3",
                "sha256:3b243c77a822cd034dad53058d7c2abf80062aa6f4a32e9799c95d6391558631",
                "sha256:404a00314e85eca9d46b80929571b938e97a143b4f2ddc2b2b3c91a4c4ead9c5",
                "sha256:423b3ff76957d29d1cce1bc0d62ebaf9a3fdfaf62344e3fdec14619bb7b5ad3a",
                "sha256:698c6409da58686f2df3d6f815491fd5b4c2de6817a45379517c92366eea208f",
                "sha256:729f8f8363d32cebcb946de278324ab43d28096f36593be6281ca1ee86ce6559",
                "sha256:8190770146a4c8ed5d330d5b5ad1c76251c63349d25c96b3094875b930c44692",
                "sha256:878352408424dffaa695ffedf2f9f92844e116686923ed9aa8626fc30d32cfd1",
                "sha256:8f841bbc21d3dad2111a94c490fb0a591b8612ffea86b8e5571746ae76a3deac",
                "sha256:c22b27371b3866c92796e5d7907e914f0e58a36d3222c5d436ddd3f0e354227a",
                "sha256:d0cdd5658b49a722783b8b4f61a6f1f9c75042d0e29a30ccb6cacc9b25f6d9e2",
                "sha256:d8491d4784aceb1f100ddb8e31239c54e4afab8d607928a9f7ef2469ec35ae01",
                "sha256:dfc5080c38dde3f43d8fbb9c0539a7839683475226cf83e4b24363b227dfe552",
                "sha256:e24e22c8d98d3c704bb3410bce9b69e122a8de487ad3dbfe9985d154e5c03a40",
                "sha256:e7a01e53163818d56eabddcafdc2090e9daba178aad05516b20c6591c4811020",
                "sha256:ee677635393414930541a096fc8e61634304bb0153e4e02b75685b11eba14cae",
                "sha256:f0521af1b722265d824d6ad055acfe9bd3341765735c44b5a4d0069e189a0f40"
            ],
            "index": "pypi",
            "version": "==1.1.0"
        },
        "six": {
            "hashes": [
                "sha256:70e8a77beed4562e7f14fe23a786b54f6296e34344c23bc42f07b15018ff98e9",
                "sha256:832dc0e10feb1aa2c68dcc57dbb658f1c7e65b9b61af69048abc87a2db00a0eb"
            ],
            "index": "pypi",
            "version": "==1.11.0"
        },
        "tensorboard": {
            "hashes": [
                "sha256:2651a4d9261a6593cb2c3514576e4bf25e273837c79e98f68a3cf51759f68725",
                "sha256:7776cc8bcfd0d07cd106e9e86c011ab8eca38c97b57f5433b9f0fd6bbf31a36e"
            ],
            "version": "==1.8.0"
        },
        "tensorflow": {
            "hashes": [
                "sha256:1fc4eb267bc973f2a8466778ad0c6f110f8356373e534c8463a7bb9b6d86e5f0",
                "sha256:24c3d3f87dc6108f4de3bbb7f647bcd6f303f874721b176185f260adea88fe40",
                "sha256:3087797a85610b756066df294f98e666e49f4fa60c6e1dbcf4b190b21397af71",
                "sha256:36a6671d39a3aec89cb4cce125e90305c3f8a69da16d2fb72eff40fe478e1de9",
                "sha256:373c637f9c4f06346b1b02e280b30517d262a1651b252ff889f7c22716ef4548",
                "sha256:397c0766e166fb768613b1498a2a6f67eeea077425d234c0138d55e85408473d",
                "sha256:68bda870c355aa64dc3dc377d5b9d13c829281467a7c3b95cb8529031d8f68b2",
                "sha256:899e53e01efcc8e906b3d1f53fe6a6264edf5dfc275b32cadbc6f4e33dca78f7",
                "sha256:92801b9aebcc195d3b5a492d1d46330c47c11c6f0c0f7ab6b605da489482c64e",
                "sha256:d345d296aeb05eeb50d9de43a1dcb66ceaba6a2bd603f58aeefaa07b2c1bfac1",
                "sha256:dccc205e84cd33a240a601046e88eacefe12d677a1bbdf17f0ebafd1a7c84c70",
                "sha256:de51f60021ea8160ea6d0340e827a26331cd549f6e7c470fba7ee83aeab4f818"
            ],
            "index": "pypi",
            "version": "==1.8.0"
        },
        "termcolor": {
            "hashes": [
                "sha256:1d6d69ce66211143803fbc56652b41d73b4a400a2891d7bf7a1cdf4c02de613b"
            ],
            "version": "==1.1.0"
        },
        "werkzeug": {
            "hashes": [
                "sha256:c3fd7a7d41976d9f44db327260e263132466836cef6f91512889ed60ad26557c",
                "sha256:d5da73735293558eb1651ee2fddc4d0dedcfa06538b8813a2e20011583c9e49b"
            ],
            "index": "pypi",
            "version": "==0.14.1"
        },
        "wheel": {
            "hashes": [
                "sha256:0a2e54558a0628f2145d2fc822137e322412115173e8a2ddbe1c9024338ae83c",
                "sha256:80044e51ec5bbf6c894ba0bc48d26a8c20a9ba629f4ca19ea26ecfcf87685f5f"
            ],
            "version": "==0.31.1"
        }
    },
    "develop": {}
}
